Microsoft Visual Studio Solution File, Format Version 12.00
# Visual Studio Version 16
VisualStudioVersion = 16.0.30114.105
MinimumVisualStudioVersion = 10.0.40219.1
Project("{FAE04EC0-301F-11D3-BF4B-00C04F79EFBC}") = "Text", "Text\Text.csproj", "{53AD8A5F-51F5-46C7-B81A-BB85B758C3E4}"
EndProject
Project("{FAE04EC0-301F-11D3-BF4B-00C04F79EFBC}") = "Text.Tests", "Text.Tests\Text.Tests.csproj", "{2F6C709B-1770-4F8D-B1BE-929B6CE8EB9E}"
EndProject
Global
	GlobalSection(SolutionConfigurationPlatforms) = preSolution
		Debug|Any CPU = Debug|Any CPU
		Release|Any CPU = Release|Any CPU
	EndGlobalSection
	GlobalSection(SolutionProperties) = preSolution
		HideSolutionNode = FALSE
	EndGlobalSection
	GlobalSection(ProjectConfigurationPlatforms) = postSolution
		{53AD8A5F-51F5-46C7-B81A-BB85B758C3E4}.Debug|Any CPU.ActiveCfg = Debug|Any CPU
		{53AD8A5F-51F5-46C7-B81A-BB85B758C3E4}.Debug|Any CPU.Build.0 = Debug|Any CPU
		{53AD8A5F-51F5-46C7-B81A-BB85B758C3E4}.Release|Any CPU.ActiveCfg = Release|Any CPU
		{53AD8A5F-51F5-46C7-B81A-BB85B758C3E4}.Release|Any CPU.Build.0 = Release|Any CPU
		{2F6C709B-1770-4F8D-B1BE-929B6CE8EB9E}.Debug|Any CPU.ActiveCfg = Debug|Any CPU
		{2F6C709B-1770-4F8D-B1BE-929B6CE8EB9E}.Debug|Any CPU.Build.0 = Debug|Any CPU
		{2F6C709B-1770-4F8D-B1BE-929B6CE8EB9E}.Release|Any CPU.ActiveCfg = Release|Any CPU
		{2F6C709B-1770-4F8D-B1BE-929B6CE8EB9E}.Release|Any CPU.Build.0 = Release|Any CPU
	EndGlobalSection
EndGlobal