Microsoft Visual Studio Solution File, Format Version 12.00
# Visual Studio Version 16
VisualStudioVersion = 16.0.30114.105
MinimumVisualStudioVersion = 10.0.40219.1
Project("{FAE04EC0-301F-11D3-BF4B-00C04F79EFBC}") = "MyMath", "MyMath\MyMath.csproj", "{EE21A525-4A36-43C1-B0F3-474F888A1857}"
EndProject
Project("{FAE04EC0-301F-11D3-BF4B-00C04F79EFBC}") = "MyMath.Tests", "MyMath.Tests\MyMath.Tests.csproj", "{AC12CC9C-3052-4D3E-BE3C-4D716B952F9D}"
EndProject
Global
	GlobalSection(SolutionConfigurationPlatforms) = preSolution
		Debug|Any CPU = Debug|Any CPU
		Release|Any CPU = Release|Any CPU
	EndGlobalSection
	GlobalSection(SolutionProperties) = preSolution
		HideSolutionNode = FALSE
	EndGlobalSection
	GlobalSection(ProjectConfigurationPlatforms) = postSolution
		{EE21A525-4A36-43C1-B0F3-474F888A1857}.Debug|Any CPU.ActiveCfg = Debug|Any CPU
		{EE21A525-4A36-43C1-B0F3-474F888A1857}.Debug|Any CPU.Build.0 = Debug|Any CPU
		{EE21A525-4A36-43C1-B0F3-474F888A1857}.Release|Any CPU.ActiveCfg = Release|Any CPU
		{EE21A525-4A36-43C1-B0F3-474F888A1857}.Release|Any CPU.Build.0 = Release|Any CPU
		{AC12CC9C-3052-4D3E-BE3C-4D716B952F9D}.Debug|Any CPU.ActiveCfg = Debug|Any CPU
		{AC12CC9C-3052-4D3E-BE3C-4D716B952F9D}.Debug|Any CPU.Build.0 = Debug|Any CPU
		{AC12CC9C-3052-4D3E-BE3C-4D716B952F9D}.Release|Any CPU.ActiveCfg = Release|Any CPU
		{AC12CC9C-3052-4D3E-BE3C-4D716B952F9D}.Release|Any CPU.Build.0 = Release|Any CPU
	EndGlobalSection
EndGlobal